
Microsoft Visual Studio Solution File, Format Version 12.00
# Visual Studio Version 17
VisualStudioVersion = 17.1.32210.238
MinimumVisualStudioVersion = 10.0.40219.1
Project("{FAE04EC0-301F-11D3-BF4B-00C04F79EFBC}") = "SupermarketT1", "SupermarketT1\SupermarketT1.csproj", "{30A84D11-675C-423B-B49E-8C45E5FE3181}"
EndProject
Global
	GlobalSection(SolutionConfigurationPlatforms) = preSolution
		Debug|Any CPU = Debug|Any CPU
		Release|Any CPU = Release|Any CPU
	EndGlobalSection
	GlobalSection(ProjectConfigurationPlatforms) = postSolution
		{30A84D11-675C-423B-B49E-8C45E5FE3181}.Debug|Any CPU.ActiveCfg = Debug|Any CPU
		{30A84D11-675C-423B-B49E-8C45E5FE3181}.Debug|Any CPU.Build.0 = Debug|Any CPU
		{30A84D11-675C-423B-B49E-8C45E5FE3181}.Release|Any CPU.ActiveCfg = Release|Any CPU
		{30A84D11-675C-423B-B49E-8C45E5FE3181}.Release|Any CPU.Build.0 = Release|Any CPU
	EndGlobalSection
	GlobalSection(SolutionProperties) = preSolution
		HideSolutionNode = FALSE
	EndGlobalSection
	GlobalSection(ExtensibilityGlobals) = postSolution
		SolutionGuid = {4E894027-D1F3-49C0-958F-E756F8FDFFD9}
	EndGlobalSection
EndGlobal
